{
  "name": "ad-ui",
  "version": "1.0.0",
  "lockfileVersion": 1,
  "requires": true,
  "dependencies": {
    "ad-control": {
      "version": "file:../ad-control",
      "requires": {
        "ad-events": "file:../ad-events",
        "ad-external": "file:../ad-external",
        "ad-geom": "file:../ad-geom",
        "ad-load": "file:../ad-load"
      },
      "dependencies": {
        "ad-events": {
          "version": "file:../ad-events",
          "bundled": true
        },
        "ad-external": {
          "version": "file:../ad-external",
          "bundled": true
        },
        "ad-geom": {
          "version": "file:../ad-geom",
          "bundled": true
        },
        "ad-load": {
          "version": "file:../ad-load",
          "bundled": true
        }
      }
    },
    "ad-events": {
      "version": "file:../ad-events"
    },
    "ad-utils": {
      "version": "file:../ad-utils"
    },
    "ad-view": {
      "version": "file:../ad-view",
      "requires": {
        "ad-control": "file:../ad-control",
        "ad-utils": "file:../ad-utils"
      },
      "dependencies": {
        "ad-control": {
          "version": "file:../ad-control",
          "bundled": true,
          "requires": {
            "ad-events": "file:../ad-events",
            "ad-external": "file:../ad-external",
            "ad-geom": "file:../ad-geom",
            "ad-load": "file:../ad-load"
          },
          "dependencies": {
            "ad-events": {
              "version": "file:../ad-events",
              "bundled": true
            },
            "ad-external": {
              "version": "file:../ad-external",
              "bundled": true
            },
            "ad-geom": {
              "version": "file:../ad-geom",
              "bundled": true
            },
            "ad-load": {
              "version": "file:../ad-load",
              "bundled": true
            }
          }
        },
        "ad-utils": {
          "version": "file:../ad-utils",
          "bundled": true
        }
      }
    }
  }
}
